
Microsoft Visual Studio Solution File, Format Version 12.00
# Visual Studio Version 17
VisualStudioVersion = 17.3.32811.315
MinimumVisualStudioVersion = 10.0.40219.1
Project("{FAE04EC0-301F-11D3-BF4B-00C04F79EFBC}") = "RestaurantRaterMVC", "RestaurantRaterMVC\RestaurantRaterMVC.csproj", "{065350E2-8425-4D45-87A1-29F9C796C062}"
EndProject
Global
	GlobalSection(SolutionConfigurationPlatforms) = preSolution
		Debug|Any CPU = Debug|Any CPU
		Release|Any CPU = Release|Any CPU
	EndGlobalSection
	GlobalSection(ProjectConfigurationPlatforms) = postSolution
		{065350E2-8425-4D45-87A1-29F9C796C062}.Debug|Any CPU.ActiveCfg = Debug|Any CPU
		{065350E2-8425-4D45-87A1-29F9C796C062}.Debug|Any CPU.Build.0 = Debug|Any CPU
		{065350E2-8425-4D45-87A1-29F9C796C062}.Release|Any CPU.ActiveCfg = Release|Any CPU
		{065350E2-8425-4D45-87A1-29F9C796C062}.Release|Any CPU.Build.0 = Release|Any CPU
	EndGlobalSection
	GlobalSection(SolutionProperties) = preSolution
		HideSolutionNode = FALSE
	EndGlobalSection
	GlobalSection(ExtensibilityGlobals) = postSolution
		SolutionGuid = {353838B5-338A-4094-B3AA-2AA1A7A6D96D}
	EndGlobalSection
EndGlobal
